// !$*UTF8*$!
{
	archiveVersion = 1;
	classes = {
	};
	objectVersion = 56;
	objects = {

/* Begin PBXBuildFile section */
		F94FC3A72AF6314E00875158 /* AppDelegate.swift in Sources */ = {isa = PBXBuildFile; fileRef = F94FC3A62AF6314E00875158 /* AppDelegate.swift */; };
		F94FC3A92AF6314E00875158 /* SceneDelegate.swift in Sources */ = {isa = PBXBuildFile; fileRef = F94FC3A82AF6314E00875158 /* SceneDelegate.swift */; };
		F94FC3AB2AF6314E00875158 /* ViewController.swift in Sources */ = {isa = PBXBuildFile; fileRef = F94FC3AA2AF6314E00875158 /* ViewController.swift */; };
		F94FC3AE2AF6314E00875158 /* Main.storyboard in Resources */ = {isa = PBXBuildFile; fileRef = F94FC3AC2AF6314E00875158 /* Main.storyboard */; };
		F94FC3B02AF6315000875158 /* Assets.xcassets in Resources */ = {isa = PBXBuildFile; fileRef = F94FC3AF2AF6315000875158 /* Assets.xcassets */; };
		F94FC3B32AF6315000875158 /* LaunchScreen.storyboard in Resources */ = {isa = PBXBuildFile; fileRef = F94FC3B12AF6315000875158 /* LaunchScreen.storyboard */; };
		F94FC3BB2AF6321800875158 /* MainTableViewCell.swift in Sources */ = {isa = PBXBuildFile; fileRef = F94FC3BA2AF6321800875158 /* MainTableViewCell.swift */; };
		F94FC3BE2AF6322800875158 /* SnapKit in Frameworks */ = {isa = PBXBuildFile; productRef = F94FC3BD2AF6322800875158 /* SnapKit */; };
		F94FC3C02AF633C500875158 /* Test.swift in Sources */ = {isa = PBXBuildFile; fileRef = F94FC3BF2AF633C500875158 /* Test.swift */; };
/* End PBXBuildFile section */

/* Begin PBXFileReference section */
		F94FC3A32AF6314E00875158 /* Assignment-Week-9.app */ = {isa = PBXFileReference; explicitFileType = wrapper.application; includeInIndex = 0; path = "Assignment-Week-9.app"; sourceTree = BUILT_PRODUCTS_DIR; };
		F94FC3A62AF6314E00875158 /* AppDelegate.swift */ = {isa = PBXFileReference; lastKnownFileType = sourcecode.swift; path = AppDelegate.swift; sourceTree = "<group>"; };
		F94FC3A82AF6314E00875158 /* SceneDelegate.swift */ = {isa = PBXFileReference; lastKnownFileType = sourcecode.swift; path = SceneDelegate.swift; sourceTree = "<group>"; };
		F94FC3AA2AF6314E00875158 /* ViewController.swift */ = {isa = PBXFileReference; lastKnownFileType = sourcecode.swift; path = ViewController.swift; sourceTree = "<group>"; };
		F94FC3AD2AF6314E00875158 /* Base */ = {isa = PBXFileReference; lastKnownFileType = file.storyboard; name = Base; path = Base.lproj/Main.storyboard; sourceTree = "<group>"; };
		F94FC3AF2AF6315000875158 /* Assets.xcassets */ = {isa = PBXFileReference; lastKnownFileType = folder.assetcatalog; path = Assets.xcassets; sourceTree = "<group>"; };
		F94FC3B22AF6315000875158 /* Base */ = {isa = PBXFileReference; lastKnownFileType = file.storyboard; name = Base; path = Base.lproj/LaunchScreen.storyboard; sourceTree = "<group>"; };
		F94FC3B42AF6315000875158 /* Info.plist */ = {isa = PBXFileReference; lastKnownFileType = text.plist.xml; path = Info.plist; sourceTree = "<group>"; };
		F94FC3BA2AF6321800875158 /* MainTableViewCell.swift */ = {isa = PBXFileReference; lastKnownFileType = sourcecode.swift; path = MainTableViewCell.swift; sourceTree = "<group>"; };
		F94FC3BF2AF633C500875158 /* Test.swift */ = {isa = PBXFileReference; lastKnownFileType = sourcecode.swift; path = Test.swift; sourceTree = "<group>"; };
/* End PBXFileReference section */

/* Begin PBXFrameworksBuildPhase section */
		F94FC3A02AF6314E00875158 /* Frameworks */ = {
			isa = PBXFrameworksBuildPhase;
			buildActionMask = 2147483647;
			files = (
				F94FC3BE2AF6322800875158 /* SnapKit in Frameworks */,
			);
			runOnlyForDeploymentPostprocessing = 0;
		};
/* End PBXFrameworksBuildPhase section */

/* Begin PBXGroup section */
		F94FC39A2AF6314E00875158 = {
			isa = PBXGroup;
			children = (
				F94FC3A52AF6314E00875158 /* Assignment-Week-9 */,
				F94FC3A42AF6314E00875158 /* Products */,
			);
			sourceTree = "<group>";
		};
		F94FC3A42AF6314E00875158 /* Products */ = {
			isa = PBXGroup;
			children = (
				F94FC3A32AF6314E00875158 /* Assignment-Week-9.app */,
			);
			name = Products;
			sourceTree = "<group>";
		};
		F94FC3A52AF6314E00875158 /* Assignment-Week-9 */ = {
			isa = PBXGroup;
			children = (
				F94FC3A62AF6314E00875158 /* AppDelegate.swift */,
				F94FC3A82AF6314E00875158 /* SceneDelegate.swift */,
				F94FC3AA2AF6314E00875158 /* ViewController.swift */,
				F94FC3AC2AF6314E00875158 /* Main.storyboard */,
				F94FC3AF2AF6315000875158 /* Assets.xcassets */,
				F94FC3B12AF6315000875158 /* LaunchScreen.storyboard */,
				F94FC3B42AF6315000875158 /* Info.plist */,
				F94FC3BA2AF6321800875158 /* MainTableViewCell.swift */,
				F94FC3BF2AF633C500875158 /* Test.swift */,
			);
			path = "Assignment-Week-9";
			sourceTree = "<group>";
		};
/* End PBXGroup section */

/* Begin PBXNativeTarget section */
		F94FC3A22AF6314E00875158 /* Assignment-Week-9 */ = {
			isa = PBXNativeTarget;
			buildConfigurationList = F94FC3B72AF6315000875158 /* Build configuration list for PBXNativeTarget "Assignment-Week-9" */;
			buildPhases = (
				F94FC39F2AF6314E00875158 /* Sources */,
				F94FC3A02AF6314E00875158 /* Frameworks */,
				F94FC3A12AF6314E00875158 /* Resources */,
			);
			buildRules = (
			);
			dependencies = (
			);
			name = "Assignment-Week-9";
			packageProductDependencies = (
				F94FC3BD2AF6322800875158 /* SnapKit */,
			);
			productName = "Assignment-Week-9";
			productReference = F94FC3A32AF6314E00875158 /* Assignment-Week-9.app */;
			productType = "com.apple.product-type.application";
		};
/* End PBXNativeTarget section */

/* Begin PBXProject section */
		F94FC39B2AF6314E00875158 /* Project object */ = {
			isa = PBXProject;
			attributes = {
				BuildIndependentTargetsInParallel = 1;
				LastSwiftUpdateCheck = 1500;
				LastUpgradeCheck = 1500;
				TargetAttributes = {
					F94FC3A22AF6314E00875158 = {
						CreatedOnToolsVersion = 15.0.1;
					};
				};
			};
			buildConfigurationList = F94FC39E2AF6314E00875158 /* Build configuration list for PBXProject "Assignment-Week-9" */;
			compatibilityVersion = "Xcode 14.0";
			developmentRegion = en;
			hasScannedForEncodings = 0;
			knownRegions = (
				en,
				Base,
			);
			mainGroup = F94FC39A2AF6314E00875158;
			packageReferences = (
				F94FC3BC2AF6322800875158 /* XCRemoteSwiftPackageReference "SnapKit" */,
			);
			productRefGroup = F94FC3A42AF6314E00875158 /* Products */;
			projectDirPath = "";
			projectRoot = "";
			targets = (
				F94FC3A22AF6314E00875158 /* Assignment-Week-9 */,
			);
		};
/* End PBXProject section */

/* Begin PBXResourcesBuildPhase section */
		F94FC3A12AF6314E00875158 /* Resources */ = {
			isa = PBXResourcesBuildPhase;
			buildActionMask = 2147483647;
			files = (
				F94FC3B32AF6315000875158 /* LaunchScreen.storyboard in Resources */,
				F94FC3B02AF6315000875158 /* Assets.xcassets in Resources */,
				F94FC3AE2AF6314E00875158 /* Main.storyboard in Resources */,
			);
			runOnlyForDeploymentPostprocessing = 0;
		};
/* End PBXResourcesBuildPhase section */

/* Begin PBXSourcesBuildPhase section */
		F94FC39F2AF6314E00875158 /* Sources */ = {
			isa = PBXSourcesBuildPhase;
			buildActionMask = 2147483647;
			files = (
				F94FC3C02AF633C500875158 /* Test.swift in Sources */,
				F94FC3AB2AF6314E00875158 /* ViewController.swift in Sources */,
				F94FC3A72AF6314E00875158 /* AppDelegate.swift in Sources */,
				F94FC3BB2AF6321800875158 /* MainTableViewCell.swift in Sources */,
				F94FC3A92AF6314E00875158 /* SceneDelegate.swift in Sources */,
			);
			runOnlyForDeploymentPostprocessing = 0;
		};
/* End PBXSourcesBuildPhase section */

/* Begin PBXVariantGroup section */
		F94FC3AC2AF6314E00875158 /* Main.storyboard */ = {
			isa = PBXVariantGroup;
			children = (
				F94FC3AD2AF6314E00875158 /* Base */,
			);
			name = Main.storyboard;
			sourceTree = "<group>";
		};
		F94FC3B12AF6315000875158 /* LaunchScreen.storyboard */ = {
			isa = PBXVariantGroup;
			children = (
				F94FC3B22AF6315000875158 /* Base */,
			);
			name = LaunchScreen.storyboard;
			sourceTree = "<group>";
		};
/* End PBXVariantGroup section */

/* Begin XCBuildConfiguration section */
		F94FC3B52AF6315000875158 /* Debug */ = {
			isa = XCBuildConfiguration;
			buildSettings = {
				ALWAYS_SEARCH_USER_PATHS = NO;
				ASSETCATALOG_COMPILER_GENERATE_SWIFT_ASSET_SYMBOL_EXTENSIONS = YES;
				CLANG_ANALYZER_NONNULL = YES;
				CLANG_ANALYZER_NUMBER_OBJECT_CONVERSION = YES_AGGRESSIVE;
				CLANG_CXX_LANGUAGE_STANDARD = "gnu++20";
				CLANG_ENABLE_MODULES = YES;
				CLANG_ENABLE_OBJC_ARC = YES;
				CLANG_ENABLE_OBJC_WEAK = YES;
				CLANG_WARN_BLOCK_CAPTURE_AUTORELEASING = YES;
				CLANG_WARN_BOOL_CONVERSION = YES;
				CLANG_WARN_COMMA = YES;
				CLANG_WARN_CONSTANT_CONVERSION = YES;
				CLANG_WARN_DEPRECATED_OBJC_IMPLEMENTATIONS = YES;
				CLANG_WARN_DIRECT_OBJC_ISA_USAGE = YES_ERROR;
				CLANG_WARN_DOCUMENTATION_COMMENTS = YES;
				CLANG_WARN_EMPTY_BODY = YES;
				CLANG_WARN_ENUM_CONVERSION = YES;
				CLANG_WARN_INFINITE_RECURSION = YES;
				CLANG_WARN_INT_CONVERSION = YES;
				CLANG_WARN_NON_LITERAL_NULL_CONVERSION = YES;
				CLANG_WARN_OBJC_IMPLICIT_RETAIN_SELF = YES;
				CLANG_WARN_OBJC_LITERAL_CONVERSION = YES;
				CLANG_WARN_OBJC_ROOT_CLASS = YES_ERROR;
				CLANG_WARN_QUOTED_INCLUDE_IN_FRAMEWORK_HEADER = YES;
				CLANG_WARN_RANGE_LOOP_ANALYSIS = YES;
				CLANG_WARN_STRICT_PROTOTYPES = YES;
				CLANG_WARN_SUSPICIOUS_MOVE = YES;
				CLANG_WARN_UNGUARDED_AVAILABILITY = YES_AGGRESSIVE;
				CLANG_WARN_UNREACHABLE_CODE = YES;
				CLANG_WARN__DUPLICATE_METHOD_MATCH = YES;
				COPY_PHASE_STRIP = NO;
				DEBUG_INFORMATION_FORMAT = dwarf;
				ENABLE_STRICT_OBJC_MSGSEND = YES;
				ENABLE_TESTABILITY = YES;
				ENABLE_USER_SCRIPT_SANDBOXING = YES;
				GCC_C_LANGUAGE_STANDARD = gnu17;
				GCC_DYNAMIC_NO_PIC = NO;
				GCC_NO_COMMON_BLOCKS = YES;
				GCC_OPTIMIZATION_LEVEL = 0;
				GCC_PREPROCESSOR_DEFINITIONS = (
					"DEBUG=1",
					"$(inherited)",
				);
				GCC_WARN_64_TO_32_BIT_CONVERSION = YES;
				GCC_WARN_ABOUT_RETURN_TYPE = YES_ERROR;
				GCC_WARN_UNDECLARED_SELECTOR = YES;
				GCC_WARN_UNINITIALIZED_AUTOS = YES_AGGRESSIVE;
				GCC_WARN_UNUSED_FUNCTION = YES;
				GCC_WARN_UNUSED_VARIABLE = YES;
				IPHONEOS_DEPLOYMENT_TARGET = 17.0;
				LOCALIZATION_PREFERS_STRING_CATALOGS = YES;
				MTL_ENABLE_DEBUG_INFO = INCLUDE_SOURCE;
				MTL_FAST_MATH = YES;
				ONLY_ACTIVE_ARCH = YES;
				SDKROOT = iphoneos;
				SWIFT_ACTIVE_COMPILATION_CONDITIONS = "DEBUG $(inherited)";
				SWIFT_OPTIMIZATION_LEVEL = "-Onone";
			};
			name = Debug;
		};
		F94FC3B62AF6315000875158 /* Release */ = {
			isa = XCBuildConfiguration;
			buildSettings = {
				ALWAYS_SEARCH_USER_PATHS = NO;
				ASSETCATALOG_COMPILER_GENERATE_SWIFT_ASSET_SYMBOL_EXTENSIONS = YES;
				CLANG_ANALYZER_NONNULL = YES;
				CLANG_ANALYZER_NUMBER_OBJECT_CONVERSION = YES_AGGRESSIVE;
				CLANG_CXX_LANGUAGE_STANDARD = "gnu++20";
				CLANG_ENABLE_MODULES = YES;
				CLANG_ENABLE_OBJC_ARC = YES;
				CLANG_ENABLE_OBJC_WEAK = YES;
				CLANG_WARN_BLOCK_CAPTURE_AUTORELEASING = YES;
				CLANG_WARN_BOOL_CONVERSION = YES;
				CLANG_WARN_COMMA = YES;
				CLANG_WARN_CONSTANT_CONVERSION = YES;
				CLANG_WARN_DEPRECATED_OBJC_IMPLEMENTATIONS = YES;
				CLANG_WARN_DIRECT_OBJC_ISA_USAGE = YES_ERROR;
				CLANG_WARN_DOCUMENTATION_COMMENTS = YES;
				CLANG_WARN_EMPTY_BODY = YES;
				CLANG_WARN_ENUM_CONVERSION = YES;
				CLANG_WARN_INFINITE_RECURSION = YES;
				CLANG_WARN_INT_CONVERSION = YES;
				CLANG_WARN_NON_LITERAL_NULL_CONVERSION = YES;
				CLANG_WARN_OBJC_IMPLICIT_RETAIN_SELF = YES;
				CLANG_WARN_OBJC_LITERAL_CONVERSION = YES;
				CLANG_WARN_OBJC_ROOT_CLASS = YES_ERROR;
				CLANG_WARN_QUOTED_INCLUDE_IN_FRAMEWORK_HEADER = YES;
				CLANG_WARN_RANGE_LOOP_ANALYSIS = YES;
				CLANG_WARN_STRICT_PROTOTYPES = YES;
				CLANG_WARN_SUSPICIOUS_MOVE = YES;
				CLANG_WARN_UNGUARDED_AVAILABILITY = YES_AGGRESSIVE;
				CLANG_WARN_UNREACHABLE_CODE = YES;
				CLANG_WARN__DUPLICATE_METHOD_MATCH = YES;
				COPY_PHASE_STRIP = NO;
				DEBUG_INFORMATION_FORMAT = "dwarf-with-dsym";
				ENABLE_NS_ASSERTIONS = NO;
				ENABLE_STRICT_OBJC_MSGSEND = YES;
				ENABLE_USER_SCRIPT_SANDBOXING = YES;
				GCC_C_LANGUAGE_STANDARD = gnu17;
				GCC_NO_COMMON_BLOCKS = YES;
				GCC_WARN_64_TO_32_BIT_CONVERSION = YES;
				GCC_WARN_ABOUT_RETURN_TYPE = YES_ERROR;
				GCC_WARN_UNDECLARED_SELECTOR = YES;
				GCC_WARN_UNINITIALIZED_AUTOS = YES_AGGRESSIVE;
				GCC_WARN_UNUSED_FUNCTION = YES;
				GCC_WARN_UNUSED_VARIABLE = YES;
				IPHONEOS_DEPLOYMENT_TARGET = 17.0;
				LOCALIZATION_PREFERS_STRING_CATALOGS = YES;
				MTL_ENABLE_DEBUG_INFO = NO;
				MTL_FAST_MATH = YES;
				SDKROOT = iphoneos;
				SWIFT_COMPILATION_MODE = wholemodule;
				VALIDATE_PRODUCT = YES;
			};
			name = Release;
		};
		F94FC3B82AF6315000875158 /* Debug */ = {
			isa = XCBuildConfiguration;
			buildSettings = {
				ASSETCATALOG_COMPILER_APPICON_NAME = AppIcon;
				ASSETCATALOG_COMPILER_GLOBAL_ACCENT_COLOR_NAME = AccentColor;
				CODE_SIGN_STYLE = Automatic;
				CURRENT_PROJECT_VERSION = 1;
				DEVELOPMENT_TEAM = S7NYSPKT35;
				GENERATE_INFOPLIST_FILE = YES;
				INFOPLIST_FILE = "Assignment-Week-9/Info.plist";
				INFOPLIST_KEY_UIApplicationSupportsIndirectInputEvents = YES;
				INFOPLIST_KEY_UILaunchStoryboardName = LaunchScreen;
				INFOPLIST_KEY_UIMainStoryboardFile = Main;
				INFOPLIST_KEY_UISupportedInterfaceOrientations = UIInterfaceOrientationPortrait;
				INFOPLIST_KEY_UISupportedInterfaceOrientations_iPad = "UIInterfaceOrientationLandscapeLeft UIInterfaceOrientationLandscapeRight UIInterfaceOrientationPortrait UIInterfaceOrientationPortraitUpsideDown";
				LD_RUNPATH_SEARCH_PATHS = (
					"$(inherited)",
					"@executable_path/Frameworks",
				);
				MARKETING_VERSION = 1.0;
				PRODUCT_BUNDLE_IDENTIFIER = "goofeat.Assignment-Week-9";
				PRODUCT_NAME = "$(TARGET_NAME)";
				SUPPORTED_PLATFORMS = "iphoneos iphonesimulator";
				SUPPORTS_MACCATALYST = NO;
				SUPPORTS_MAC_DESIGNED_FOR_IPHONE_IPAD = NO;
				SWIFT_EMIT_LOC_STRINGS = YES;
				SWIFT_VERSION = 5.0;
				TARGETED_DEVICE_FAMILY = 1;
			};
			name = Debug;
		};
		F94FC3B92AF6315000875158 /* Release */ = {
			isa = XCBuildConfiguration;
			buildSettings = {
				ASSETCATALOG_COMPILER_APPICON_NAME = AppIcon;
				ASSETCATALOG_COMPILER_GLOBAL_ACCENT_COLOR_NAME = AccentColor;
				CODE_SIGN_STYLE = Automatic;
				CURRENT_PROJECT_VERSION = 1;
				DEVELOPMENT_TEAM = S7NYSPKT35;
				GENERATE_INFOPLIST_FILE = YES;
				INFOPLIST_FILE = "Assignment-Week-9/Info.plist";
				INFOPLIST_KEY_UIApplicationSupportsIndirectInputEvents = YES;
				INFOPLIST_KEY_UILaunchStoryboardName = LaunchScreen;
				INFOPLIST_KEY_UIMainStoryboardFile = Main;
				INFOPLIST_KEY_UISupportedInterfaceOrientations = UIInterfaceOrientationPortrait;
				INFOPLIST_KEY_UISupportedInterfaceOrientations_iPad = "UIInterfaceOrientationLandscapeLeft UIInterfaceOrientationLandscapeRight UIInterfaceOrientationPortrait UIInterfaceOrientationPortraitUpsideDown";
				LD_RUNPATH_SEARCH_PATHS = (
					"$(inherited)",
					"@executable_path/Frameworks",
				);
				MARKETING_VERSION = 1.0;
				PRODUCT_BUNDLE_IDENTIFIER = "goofeat.Assignment-Week-9";
				PRODUCT_NAME = "$(TARGET_NAME)";
				SUPPORTED_PLATFORMS = "iphoneos iphonesimulator";
				SUPPORTS_MACCATALYST = NO;
				SUPPORTS_MAC_DESIGNED_FOR_IPHONE_IPAD = NO;
				SWIFT_EMIT_LOC_STRINGS = YES;
				SWIFT_VERSION = 5.0;
				TARGETED_DEVICE_FAMILY = 1;
			};
			name = Release;
		};
/* End XCBuildConfiguration section */

/* Begin XCConfigurationList section */
		F94FC39E2AF6314E00875158 /* Build configuration list for PBXProject "Assignment-Week-9" */ = {
			isa = XCConfigurationList;
			buildConfigurations = (
				F94FC3B52AF6315000875158 /* Debug */,
				F94FC3B62AF6315000875158 /* Release */,
			);
			defaultConfigurationIsVisible = 0;
			defaultConfigurationName = Release;
		};
		F94FC3B72AF6315000875158 /* Build configuration list for PBXNativeTarget "Assignment-Week-9" */ = {
			isa = XCConfigurationList;
			buildConfigurations = (
				F94FC3B82AF6315000875158 /* Debug */,
				F94FC3B92AF6315000875158 /* Release */,
			);
			defaultConfigurationIsVisible = 0;
			defaultConfigurationName = Release;
		};
/* End XCConfigurationList section */

/* Begin XCRemoteSwiftPackageReference section */
		F94FC3BC2AF6322800875158 /* XCRemoteSwiftPackageReference "SnapKit" */ = {
			isa = XCRemoteSwiftPackageReference;
			repositoryURL = "https://github.com/SnapKit/SnapKit.git";
			requirement = {
				kind = upToNextMajorVersion;
				minimumVersion = 5.6.0;
			};
		};
/* End XCRemoteSwiftPackageReference section */

/* Begin XCSwiftPackageProductDependency section */
		F94FC3BD2AF6322800875158 /* SnapKit */ = {
			isa = XCSwiftPackageProductDependency;
			package = F94FC3BC2AF6322800875158 /* XCRemoteSwiftPackageReference "SnapKit" */;
			productName = SnapKit;
		};
/* End XCSwiftPackageProductDependency section */
	};
	rootObject = F94FC39B2AF6314E00875158 /* Project object */;
}
